{
  "version": 4,
  "terraform_version": "1.0.9",
  "serial": 68,
  "lineage": "de3e46aa-d749-79db-0b6e-7115a4593afa",
  "outputs": {},
  "resources": [
    {
      "mode": "data",
      "type": "azurerm_image",
      "name": "packer_image",
      "provider": "provider[\"registry.terraform.io/hashicorp/azurerm\"]",
      "instances": [
        {
          "schema_version": 0,
          "attributes": {
            "data_disk": [],
            "id": "/subscriptions/a05e9c22-474e-442c-8d07-d2b208778ef9/resourceGroups/PackerImage-rg/providers/Microsoft.Compute/images/WebServerImage",
            "location": "eastus",
            "name": "WebServerImage",
            "name_regex": null,
            "os_disk": [
              {
                "blob_uri": "",
                "caching": "ReadWrite",
                "managed_disk_id": "/subscriptions/a05e9c22-474e-442c-8d07-d2b208778ef9/resourceGroups/pkr-Resource-Group-2n285ewpkm/providers/Microsoft.Compute/disks/pkros2n285ewpkm",
                "os_state": "Generalized",
                "os_type": "Linux",
                "size_gb": 30
              }
            ],
            "resource_group_name": "PackerImage-rg",
            "sort_descending": false,
            "tags": {},
            "timeouts": null,
            "zone_resilient": false
          },
          "sensitive_attributes": []
        }
      ]
    },
    {
      "mode": "managed",
      "type": "azurerm_availability_set",
      "name": "avail_set",
      "provider": "provider[\"registry.terraform.io/hashicorp/azurerm\"]",
      "instances": [
        {
          "schema_version": 0,
          "attributes": {
            "id": "/subscriptions/a05e9c22-474e-442c-8d07-d2b208778ef9/resourceGroups/WebServerEx-rg/providers/Microsoft.Compute/availabilitySets/WebServerEx-avaset",
            "location": "eastus",
            "managed": true,
            "name": "WebServerEx-avaset",
            "platform_fault_domain_count": 3,
            "platform_update_domain_count": 5,
            "proximity_placement_group_id": null,
            "resource_group_name": "WebServerEx-rg",
            "tags": {
              "lesson": "1"
            },
            "timeouts": null
          },
          "sensitive_attributes": [],
          "private": "eyJlMmJmYjczMC1lY2FhLTExZTYtOGY4OC0zNDM2M2JjN2M0YzAiOnsiY3JlYXRlIjoxODAwMDAwMDAwMDAwLCJkZWxldGUiOjE4MDAwMDAwMDAwMDAsInJlYWQiOjMwMDAwMDAwMDAwMCwidXBkYXRlIjoxODAwMDAwMDAwMDAwfX0=",
          "dependencies": [
            "azurerm_resource_group.main"
          ]
        }
      ]
    },
    {
      "mode": "managed",
      "type": "azurerm_lb",
      "name": "load_balancer",
      "provider": "provider[\"registry.terraform.io/hashicorp/azurerm\"]",
      "instances": [
        {
          "schema_version": 0,
          "attributes": {
            "frontend_ip_configuration": [
              {
                "availability_zone": "No-Zone",
                "gateway_load_balancer_frontend_ip_configuration_id": "",
                "id": "/subscriptions/a05e9c22-474e-442c-8d07-d2b208778ef9/resourceGroups/WebServerEx-rg/providers/Microsoft.Network/loadBalancers/WebServerEx-lb/frontendIPConfigurations/WebServerEx-PublicIP",
                "inbound_nat_rules": [],
                "load_balancer_rules": [],
                "name": "WebServerEx-PublicIP",
                "outbound_rules": [],
                "private_ip_address": "",
                "private_ip_address_allocation": "Dynamic",
                "private_ip_address_version": "",
                "public_ip_address_id": "/subscriptions/a05e9c22-474e-442c-8d07-d2b208778ef9/resourceGroups/WebServerEx-rg/providers/Microsoft.Network/publicIPAddresses/WebServerEx-publicIp",
                "public_ip_prefix_id": "",
                "subnet_id": "",
                "zones": []
              }
            ],
            "id": "/subscriptions/a05e9c22-474e-442c-8d07-d2b208778ef9/resourceGroups/WebServerEx-rg/providers/Microsoft.Network/loadBalancers/WebServerEx-lb",
            "location": "eastus",
            "name": "WebServerEx-lb",
            "private_ip_address": "",
            "private_ip_addresses": [],
            "resource_group_name": "WebServerEx-rg",
            "sku": "Basic",
            "sku_tier": "Regional",
            "tags": {
              "lesson": "1"
            },
            "timeouts": null
          },
          "sensitive_attributes": [],
          "private": "eyJlMmJmYjczMC1lY2FhLTExZTYtOGY4OC0zNDM2M2JjN2M0YzAiOnsiY3JlYXRlIjoxODAwMDAwMDAwMDAwLCJkZWxldGUiOjE4MDAwMDAwMDAwMDAsInJlYWQiOjMwMDAwMDAwMDAwMCwidXBkYXRlIjoxODAwMDAwMDAwMDAwfX0=",
          "dependencies": [
            "azurerm_public_ip.public_ip",
            "azurerm_resource_group.main"
          ]
        }
      ]
    },
    {
      "mode": "managed",
      "type": "azurerm_lb_backend_address_pool",
      "name": "address_pool",
      "provider": "provider[\"registry.terraform.io/hashicorp/azurerm\"]",
      "instances": [
        {
          "schema_version": 0,
          "attributes": {
            "backend_address": [],
            "backend_ip_configurations": [],
            "id": "/subscriptions/a05e9c22-474e-442c-8d07-d2b208778ef9/resourceGroups/WebServerEx-rg/providers/Microsoft.Network/loadBalancers/WebServerEx-lb/backendAddressPools/WebServerEx-bap",
            "load_balancing_rules": [],
            "loadbalancer_id": "/subscriptions/a05e9c22-474e-442c-8d07-d2b208778ef9/resourceGroups/WebServerEx-rg/providers/Microsoft.Network/loadBalancers/WebServerEx-lb",
            "name": "WebServerEx-bap",
            "outbound_rules": [],
            "resource_group_name": "WebServerEx-rg",
            "timeouts": null,
            "tunnel_interface": []
          },
          "sensitive_attributes": [],
          "private": "eyJlMmJmYjczMC1lY2FhLTExZTYtOGY4OC0zNDM2M2JjN2M0YzAiOnsiY3JlYXRlIjoxODAwMDAwMDAwMDAwLCJkZWxldGUiOjE4MDAwMDAwMDAwMDAsInJlYWQiOjMwMDAwMDAwMDAwMCwidXBkYXRlIjoxODAwMDAwMDAwMDAwfX0=",
          "dependencies": [
            "azurerm_lb.load_balancer",
            "azurerm_public_ip.public_ip",
            "azurerm_resource_group.main"
          ]
        }
      ]
    },
    {
      "mode": "managed",
      "type": "azurerm_linux_virtual_machine",
      "name": "vm",
      "provider": "provider[\"registry.terraform.io/hashicorp/azurerm\"]",
      "instances": [
        {
          "index_key": 0,
          "schema_version": 0,
          "attributes": {
            "additional_capabilities": [],
            "admin_password": "j0aqu1n__0",
            "admin_ssh_key": [],
            "admin_username": "joaquin.d",
            "allow_extension_operations": true,
            "availability_set_id": "/subscriptions/a05e9c22-474e-442c-8d07-d2b208778ef9/resourceGroups/WebServerEx-rg/providers/Microsoft.Compute/availabilitySets/WEBSERVEREX-AVASET",
            "boot_diagnostics": [],
            "computer_name": "WebServerEx-vm-0",
            "custom_data": null,
            "dedicated_host_id": "",
            "disable_password_authentication": false,
            "encryption_at_host_enabled": false,
            "eviction_policy": "",
            "extensions_time_budget": "PT1H30M",
            "id": "/subscriptions/a05e9c22-474e-442c-8d07-d2b208778ef9/resourceGroups/WebServerEx-rg/providers/Microsoft.Compute/virtualMachines/WebServerEx-vm-0",
            "identity": [],
            "license_type": "",
            "location": "eastus",
            "max_bid_price": -1,
            "name": "WebServerEx-vm-0",
            "network_interface_ids": [
              "/subscriptions/a05e9c22-474e-442c-8d07-d2b208778ef9/resourceGroups/WebServerEx-rg/providers/Microsoft.Network/networkInterfaces/WebServerEx-nic_int-0"
            ],
            "os_disk": [
              {
                "caching": "ReadWrite",
                "diff_disk_settings": [],
                "disk_encryption_set_id": "",
                "disk_size_gb": 30,
                "name": "WebServerEx-vm-0_disk1_5d114022dcf2454aba0299185eea561d",
                "storage_account_type": "Standard_LRS",
                "write_accelerator_enabled": false
              }
            ],
            "patch_mode": null,
            "plan": [],
            "platform_fault_domain": -1,
            "priority": "Regular",
            "private_ip_address": "10.0.2.4",
            "private_ip_addresses": [
              "10.0.2.4"
            ],
            "provision_vm_agent": true,
            "proximity_placement_group_id": "",
            "public_ip_address": "",
            "public_ip_addresses": [],
            "resource_group_name": "WebServerEx-rg",
            "secret": [],
            "size": "Standard_B1s",
            "source_image_id": "/subscriptions/a05e9c22-474e-442c-8d07-d2b208778ef9/resourceGroups/PackerImage-rg/providers/Microsoft.Compute/images/WebServerImage",
            "source_image_reference": [],
            "tags": {
              "lesson": "1"
            },
            "timeouts": null,
            "virtual_machine_id": "f1929fa9-9a92-44e1-9cbe-1ba052e4c94a",
            "virtual_machine_scale_set_id": "",
            "zone": ""
          },
          "sensitive_attributes": [],
          "private": "eyJlMmJmYjczMC1lY2FhLTExZTYtOGY4OC0zNDM2M2JjN2M0YzAiOnsiY3JlYXRlIjoyNzAwMDAwMDAwMDAwLCJkZWxldGUiOjI3MDAwMDAwMDAwMDAsInJlYWQiOjMwMDAwMDAwMDAwMCwidXBkYXRlIjoyNzAwMDAwMDAwMDAwfX0=",
          "dependencies": [
            "azurerm_availability_set.avail_set",
            "azurerm_network_interface.internal",
            "azurerm_resource_group.main",
            "azurerm_subnet.internal",
            "azurerm_virtual_network.vnet",
            "data.azurerm_image.packer_image"
          ]
        }
      ]
    },
    {
      "mode": "managed",
      "type": "azurerm_managed_disk",
      "name": "disk",
      "provider": "provider[\"registry.terraform.io/hashicorp/azurerm\"]",
      "instances": [
        {
          "index_key": 0,
          "schema_version": 0,
          "attributes": {
            "create_option": "Empty",
            "disk_access_id": "",
            "disk_encryption_set_id": "",
            "disk_iops_read_write": 500,
            "disk_mbps_read_write": 60,
            "disk_size_gb": 1,
            "encryption_settings": [],
            "id": "/subscriptions/a05e9c22-474e-442c-8d07-d2b208778ef9/resourceGroups/WebServerEx-rg/providers/Microsoft.Compute/disks/WebServerEx-disk-0",
            "image_reference_id": "",
            "location": "eastus",
            "logical_sector_size": null,
            "max_shares": 0,
            "name": "WebServerEx-disk-0",
            "network_access_policy": null,
            "os_type": "",
            "resource_group_name": "WebServerEx-rg",
            "source_resource_id": "",
            "source_uri": "",
            "storage_account_id": "",
            "storage_account_type": "Standard_LRS",
            "tags": {
              "lesson": "1"
            },
            "tier": "",
            "timeouts": null,
            "trusted_launch_enabled": false,
            "zones": []
          },
          "sensitive_attributes": [],
          "private": "eyJlMmJmYjczMC1lY2FhLTExZTYtOGY4OC0zNDM2M2JjN2M0YzAiOnsiY3JlYXRlIjoxODAwMDAwMDAwMDAwLCJkZWxldGUiOjE4MDAwMDAwMDAwMDAsInJlYWQiOjMwMDAwMDAwMDAwMCwidXBkYXRlIjoxODAwMDAwMDAwMDAwfX0=",
          "dependencies": [
            "azurerm_resource_group.main"
          ]
        }
      ]
    },
    {
      "mode": "managed",
      "type": "azurerm_network_interface",
      "name": "internal",
      "provider": "provider[\"registry.terraform.io/hashicorp/azurerm\"]",
      "instances": [
        {
          "index_key": 0,
          "schema_version": 0,
          "attributes": {
            "applied_dns_servers": [],
            "dns_servers": [],
            "enable_accelerated_networking": false,
            "enable_ip_forwarding": false,
            "id": "/subscriptions/a05e9c22-474e-442c-8d07-d2b208778ef9/resourceGroups/WebServerEx-rg/providers/Microsoft.Network/networkInterfaces/WebServerEx-nic_int-0",
            "internal_dns_name_label": "",
            "internal_domain_name_suffix": "mdzya4lze4mengzez0zsqebo1h.bx.internal.cloudapp.net",
            "ip_configuration": [
              {
                "gateway_load_balancer_frontend_ip_configuration_id": "",
                "name": "internal",
                "primary": true,
                "private_ip_address": "10.0.2.4",
                "private_ip_address_allocation": "Dynamic",
                "private_ip_address_version": "IPv4",
                "public_ip_address_id": "",
                "subnet_id": "/subscriptions/a05e9c22-474e-442c-8d07-d2b208778ef9/resourceGroups/WebServerEx-rg/providers/Microsoft.Network/virtualNetworks/WebServerEx-network/subnets/internal"
              }
            ],
            "location": "eastus",
            "mac_address": "",
            "name": "WebServerEx-nic_int-0",
            "private_ip_address": "10.0.2.4",
            "private_ip_addresses": [
              "10.0.2.4"
            ],
            "resource_group_name": "WebServerEx-rg",
            "tags": {
              "lesson": "1"
            },
            "timeouts": null,
            "virtual_machine_id": ""
          },
          "sensitive_attributes": [],
          "private": "eyJlMmJmYjczMC1lY2FhLTExZTYtOGY4OC0zNDM2M2JjN2M0YzAiOnsiY3JlYXRlIjoxODAwMDAwMDAwMDAwLCJkZWxldGUiOjE4MDAwMDAwMDAwMDAsInJlYWQiOjMwMDAwMDAwMDAwMCwidXBkYXRlIjoxODAwMDAwMDAwMDAwfX0=",
          "dependencies": [
            "azurerm_resource_group.main",
            "azurerm_subnet.internal",
            "azurerm_virtual_network.vnet"
          ]
        }
      ]
    },
    {
      "mode": "managed",
      "type": "azurerm_network_interface_backend_address_pool_association",
      "name": "pool_assoc",
      "provider": "provider[\"registry.terraform.io/hashicorp/azurerm\"]",
      "instances": [
        {
          "index_key": 0,
          "schema_version": 0,
          "attributes": {
            "backend_address_pool_id": "/subscriptions/a05e9c22-474e-442c-8d07-d2b208778ef9/resourceGroups/WebServerEx-rg/providers/Microsoft.Network/loadBalancers/WebServerEx-lb/backendAddressPools/WebServerEx-bap",
            "id": "/subscriptions/a05e9c22-474e-442c-8d07-d2b208778ef9/resourceGroups/WebServerEx-rg/providers/Microsoft.Network/networkInterfaces/WebServerEx-nic_int-0/ipConfigurations/internal|/subscriptions/a05e9c22-474e-442c-8d07-d2b208778ef9/resourceGroups/WebServerEx-rg/providers/Microsoft.Network/loadBalancers/WebServerEx-lb/backendAddressPools/WebServerEx-bap",
            "ip_configuration_name": "internal",
            "network_interface_id": "/subscriptions/a05e9c22-474e-442c-8d07-d2b208778ef9/resourceGroups/WebServerEx-rg/providers/Microsoft.Network/networkInterfaces/WebServerEx-nic_int-0",
            "timeouts": null
          },
          "sensitive_attributes": [],
          "private": "eyJlMmJmYjczMC1lY2FhLTExZTYtOGY4OC0zNDM2M2JjN2M0YzAiOnsiY3JlYXRlIjoxODAwMDAwMDAwMDAwLCJkZWxldGUiOjE4MDAwMDAwMDAwMDAsInJlYWQiOjMwMDAwMDAwMDAwMCwidXBkYXRlIjoxODAwMDAwMDAwMDAwfX0=",
          "dependencies": [
            "azurerm_lb_backend_address_pool.address_pool",
            "azurerm_network_interface.internal",
            "azurerm_resource_group.main",
            "azurerm_subnet.internal",
            "azurerm_virtual_network.vnet"
          ]
        }
      ]
    },
    {
      "mode": "managed",
      "type": "azurerm_network_security_group",
      "name": "security",
      "provider": "provider[\"registry.terraform.io/hashicorp/azurerm\"]",
      "instances": [
        {
          "schema_version": 0,
          "attributes": {
            "id": "/subscriptions/a05e9c22-474e-442c-8d07-d2b208778ef9/resourceGroups/WebServerEx-rg/providers/Microsoft.Network/networkSecurityGroups/WebServerEx-sg",
            "location": "eastus",
            "name": "WebServerEx-sg",
            "resource_group_name": "WebServerEx-rg",
            "security_rule": [
              {
                "access": "Allow",
                "description": "",
                "destination_address_prefix": "VirtualNetwork",
                "destination_address_prefixes": [],
                "destination_application_security_group_ids": [],
                "destination_port_range": "*",
                "destination_port_ranges": [],
                "direction": "Inbound",
                "name": "VMAccess",
                "priority": 200,
                "protocol": "*",
                "source_address_prefix": "VirtualNetwork",
                "source_address_prefixes": [],
                "source_application_security_group_ids": [],
                "source_port_range": "*",
                "source_port_ranges": []
              },
              {
                "access": "Deny",
                "description": "",
                "destination_address_prefix": "*",
                "destination_address_prefixes": [],
                "destination_application_security_group_ids": [],
                "destination_port_range": "*",
                "destination_port_ranges": [],
                "direction": "Inbound",
                "name": "NoInternetIn",
                "priority": 100,
                "protocol": "*",
                "source_address_prefix": "*",
                "source_address_prefixes": [],
                "source_application_security_group_ids": [],
                "source_port_range": "*",
                "source_port_ranges": []
              }
            ],
            "tags": {
              "lesson": "1"
            },
            "timeouts": null
          },
          "sensitive_attributes": [],
          "private": "eyJlMmJmYjczMC1lY2FhLTExZTYtOGY4OC0zNDM2M2JjN2M0YzAiOnsiY3JlYXRlIjoxODAwMDAwMDAwMDAwLCJkZWxldGUiOjE4MDAwMDAwMDAwMDAsInJlYWQiOjMwMDAwMDAwMDAwMCwidXBkYXRlIjoxODAwMDAwMDAwMDAwfX0=",
          "dependencies": [
            "azurerm_resource_group.main"
          ]
        }
      ]
    },
    {
      "mode": "managed",
      "type": "azurerm_public_ip",
      "name": "public_ip",
      "provider": "provider[\"registry.terraform.io/hashicorp/azurerm\"]",
      "instances": [
        {
          "schema_version": 0,
          "attributes": {
            "allocation_method": "Static",
            "availability_zone": "No-Zone",
            "domain_name_label": null,
            "fqdn": null,
            "id": "/subscriptions/a05e9c22-474e-442c-8d07-d2b208778ef9/resourceGroups/WebServerEx-rg/providers/Microsoft.Network/publicIPAddresses/WebServerEx-publicIp",
            "idle_timeout_in_minutes": 4,
            "ip_address": "20.106.254.82",
            "ip_tags": {},
            "ip_version": "IPv4",
            "location": "eastus",
            "name": "WebServerEx-publicIp",
            "public_ip_prefix_id": null,
            "resource_group_name": "WebServerEx-rg",
            "reverse_fqdn": null,
            "sku": "Basic",
            "sku_tier": "Regional",
            "tags": {
              "lesson": "1"
            },
            "timeouts": null,
            "zones": []
          },
          "sensitive_attributes": [],
          "private": "eyJlMmJmYjczMC1lY2FhLTExZTYtOGY4OC0zNDM2M2JjN2M0YzAiOnsiY3JlYXRlIjoxODAwMDAwMDAwMDAwLCJkZWxldGUiOjE4MDAwMDAwMDAwMDAsInJlYWQiOjMwMDAwMDAwMDAwMCwidXBkYXRlIjoxODAwMDAwMDAwMDAwfX0=",
          "dependencies": [
            "azurerm_resource_group.main"
          ]
        }
      ]
    },
    {
      "mode": "managed",
      "type": "azurerm_resource_group",
      "name": "main",
      "provider": "provider[\"registry.terraform.io/hashicorp/azurerm\"]",
      "instances": [
        {
          "schema_version": 0,
          "attributes": {
            "id": "/subscriptions/a05e9c22-474e-442c-8d07-d2b208778ef9/resourceGroups/WebServerEx-rg",
            "location": "eastus",
            "name": "WebServerEx-rg",
            "tags": {},
            "timeouts": null
          },
          "sensitive_attributes": [],
          "private": "eyJlMmJmYjczMC1lY2FhLTExZTYtOGY4OC0zNDM2M2JjN2M0YzAiOnsiY3JlYXRlIjo1NDAwMDAwMDAwMDAwLCJkZWxldGUiOjU0MDAwMDAwMDAwMDAsInJlYWQiOjMwMDAwMDAwMDAwMCwidXBkYXRlIjo1NDAwMDAwMDAwMDAwfX0="
        }
      ]
    },
    {
      "mode": "managed",
      "type": "azurerm_subnet",
      "name": "internal",
      "provider": "provider[\"registry.terraform.io/hashicorp/azurerm\"]",
      "instances": [
        {
          "schema_version": 0,
          "attributes": {
            "address_prefix": "10.0.2.0/24",
            "address_prefixes": [
              "10.0.2.0/24"
            ],
            "delegation": [],
            "enforce_private_link_endpoint_network_policies": false,
            "enforce_private_link_service_network_policies": false,
            "id": "/subscriptions/a05e9c22-474e-442c-8d07-d2b208778ef9/resourceGroups/WebServerEx-rg/providers/Microsoft.Network/virtualNetworks/WebServerEx-network/subnets/internal",
            "name": "internal",
            "resource_group_name": "WebServerEx-rg",
            "service_endpoint_policy_ids": null,
            "service_endpoints": null,
            "timeouts": null,
            "virtual_network_name": "WebServerEx-network"
          },
          "sensitive_attributes": [],
          "private": "eyJlMmJmYjczMC1lY2FhLTExZTYtOGY4OC0zNDM2M2JjN2M0YzAiOnsiY3JlYXRlIjoxODAwMDAwMDAwMDAwLCJkZWxldGUiOjE4MDAwMDAwMDAwMDAsInJlYWQiOjMwMDAwMDAwMDAwMCwidXBkYXRlIjoxODAwMDAwMDAwMDAwfX0=",
          "dependencies": [
            "azurerm_resource_group.main",
            "azurerm_virtual_network.vnet"
          ]
        }
      ]
    },
    {
      "mode": "managed",
      "type": "azurerm_subnet_network_security_group_association",
      "name": "main",
      "provider": "provider[\"registry.terraform.io/hashicorp/azurerm\"]",
      "instances": [
        {
          "schema_version": 0,
          "attributes": {
            "id": "/subscriptions/a05e9c22-474e-442c-8d07-d2b208778ef9/resourceGroups/WebServerEx-rg/providers/Microsoft.Network/virtualNetworks/WebServerEx-network/subnets/internal",
            "network_security_group_id": "/subscriptions/a05e9c22-474e-442c-8d07-d2b208778ef9/resourceGroups/WebServerEx-rg/providers/Microsoft.Network/networkSecurityGroups/WebServerEx-sg",
            "subnet_id": "/subscriptions/a05e9c22-474e-442c-8d07-d2b208778ef9/resourceGroups/WebServerEx-rg/providers/Microsoft.Network/virtualNetworks/WebServerEx-network/subnets/internal",
            "timeouts": null
          },
          "sensitive_attributes": [],
          "private": "eyJlMmJmYjczMC1lY2FhLTExZTYtOGY4OC0zNDM2M2JjN2M0YzAiOnsiY3JlYXRlIjoxODAwMDAwMDAwMDAwLCJkZWxldGUiOjE4MDAwMDAwMDAwMDAsInJlYWQiOjMwMDAwMDAwMDAwMCwidXBkYXRlIjoxODAwMDAwMDAwMDAwfX0=",
          "dependencies": [
            "azurerm_network_security_group.security",
            "azurerm_resource_group.main",
            "azurerm_subnet.internal",
            "azurerm_virtual_network.vnet"
          ]
        }
      ]
    },
    {
      "mode": "managed",
      "type": "azurerm_virtual_machine_data_disk_attachment",
      "name": "mount_disk",
      "provider": "provider[\"registry.terraform.io/hashicorp/azurerm\"]",
      "instances": [
        {
          "index_key": 0,
          "schema_version": 0,
          "attributes": {
            "caching": "ReadWrite",
            "create_option": "Attach",
            "id": "/subscriptions/a05e9c22-474e-442c-8d07-d2b208778ef9/resourceGroups/WebServerEx-rg/providers/Microsoft.Compute/virtualMachines/WebServerEx-vm-0/dataDisks/WebServerEx-disk-0",
            "lun": 0,
            "managed_disk_id": "/subscriptions/a05e9c22-474e-442c-8d07-d2b208778ef9/resourceGroups/WebServerEx-rg/providers/Microsoft.Compute/disks/WebServerEx-disk-0",
            "timeouts": null,
            "virtual_machine_id": "/subscriptions/a05e9c22-474e-442c-8d07-d2b208778ef9/resourceGroups/WebServerEx-rg/providers/Microsoft.Compute/virtualMachines/WebServerEx-vm-0",
            "write_accelerator_enabled": false
          },
          "sensitive_attributes": [],
          "private": "eyJlMmJmYjczMC1lY2FhLTExZTYtOGY4OC0zNDM2M2JjN2M0YzAiOnsiY3JlYXRlIjoxODAwMDAwMDAwMDAwLCJkZWxldGUiOjE4MDAwMDAwMDAwMDAsInJlYWQiOjMwMDAwMDAwMDAwMCwidXBkYXRlIjoxODAwMDAwMDAwMDAwfX0=",
          "dependencies": [
            "azurerm_availability_set.avail_set",
            "azurerm_linux_virtual_machine.vm",
            "azurerm_managed_disk.disk",
            "azurerm_network_interface.internal",
            "azurerm_resource_group.main",
            "azurerm_subnet.internal",
            "azurerm_virtual_network.vnet",
            "data.azurerm_image.packer_image"
          ]
        }
      ]
    },
    {
      "mode": "managed",
      "type": "azurerm_virtual_network",
      "name": "vnet",
      "provider": "provider[\"registry.terraform.io/hashicorp/azurerm\"]",
      "instances": [
        {
          "schema_version": 0,
          "attributes": {
            "address_space": [
              "10.0.2.0/24"
            ],
            "bgp_community": "",
            "ddos_protection_plan": [],
            "dns_servers": [],
            "guid": "7980f360-2779-4698-9b24-ceb328102edf",
            "id": "/subscriptions/a05e9c22-474e-442c-8d07-d2b208778ef9/resourceGroups/WebServerEx-rg/providers/Microsoft.Network/virtualNetworks/WebServerEx-network",
            "location": "eastus",
            "name": "WebServerEx-network",
            "resource_group_name": "WebServerEx-rg",
            "subnet": [],
            "tags": null,
            "timeouts": null,
            "vm_protection_enabled": false
          },
          "sensitive_attributes": [],
          "private": "eyJlMmJmYjczMC1lY2FhLTExZTYtOGY4OC0zNDM2M2JjN2M0YzAiOnsiY3JlYXRlIjoxODAwMDAwMDAwMDAwLCJkZWxldGUiOjE4MDAwMDAwMDAwMDAsInJlYWQiOjMwMDAwMDAwMDAwMCwidXBkYXRlIjoxODAwMDAwMDAwMDAwfX0=",
          "dependencies": [
            "azurerm_resource_group.main"
          ]
        }
      ]
    }
  ]
}
